// !$*UTF8*$!
{
	archiveVersion = 1;
	classes = {
	};
	objectVersion = 50;
	objects = {

/* Begin PBXBuildFile section */
		AB63E98824CFCAFD00FF7692 /* AppDelegate.m in Sources */ = {isa = PBXBuildFile; fileRef = AB63E98724CFCAFD00FF7692 /* AppDelegate.m */; };
		AB63E98B24CFCAFD00FF7692 /* SceneDelegate.m in Sources */ = {isa = PBXBuildFile; fileRef = AB63E98A24CFCAFD00FF7692 /* SceneDelegate.m */; };
		AB63E98E24CFCAFD00FF7692 /* ViewController.m in Sources */ = {isa = PBXBuildFile; fileRef = AB63E98D24CFCAFD00FF7692 /* ViewController.m */; };
		AB63E99324CFCB0200FF7692 /* Assets.xcassets in Resources */ = {isa = PBXBuildFile; fileRef = AB63E99224CFCB0200FF7692 /* Assets.xcassets */; };
		AB63E99624CFCB0200FF7692 /* LaunchScreen.storyboard in Resources */ = {isa = PBXBuildFile; fileRef = AB63E99424CFCB0200FF7692 /* LaunchScreen.storyboard */; };
		AB63E99924CFCB0200FF7692 /* main.m in Sources */ = {isa = PBXBuildFile; fileRef = AB63E99824CFCB0200FF7692 /* main.m */; };
		AB63E9A124CFCC0B00FF7692 /* TabBarViewController.m in Sources */ = {isa = PBXBuildFile; fileRef = AB63E9A024CFCC0B00FF7692 /* TabBarViewController.m */; };
/* End PBXBuildFile section */

/* Begin PBXFileReference section */
		AB63E98324CFCAFD00FF7692 /* TabbarDemo.app */ = {isa = PBXFileReference; explicitFileType = wrapper.application; includeInIndex = 0; path = TabbarDemo.app; sourceTree = BUILT_PRODUCTS_DIR; };
		AB63E98624CFCAFD00FF7692 /* AppDelegate.h */ = {isa = PBXFileReference; lastKnownFileType = sourcecode.c.h; path = AppDelegate.h; sourceTree = "<group>"; };
		AB63E98724CFCAFD00FF7692 /* AppDelegate.m */ = {isa = PBXFileReference; lastKnownFileType = sourcecode.c.objc; path = AppDelegate.m; sourceTree = "<group>"; };
		AB63E98924CFCAFD00FF7692 /* SceneDelegate.h */ = {isa = PBXFileReference; lastKnownFileType = sourcecode.c.h; path = SceneDelegate.h; sourceTree = "<group>"; };
		AB63E98A24CFCAFD00FF7692 /* SceneDelegate.m */ = {isa = PBXFileReference; lastKnownFileType = sourcecode.c.objc; path = SceneDelegate.m; sourceTree = "<group>"; };
		AB63E98C24CFCAFD00FF7692 /* ViewController.h */ = {isa = PBXFileReference; lastKnownFileType = sourcecode.c.h; path = ViewController.h; sourceTree = "<group>"; };
		AB63E98D24CFCAFD00FF7692 /* ViewController.m */ = {isa = PBXFileReference; lastKnownFileType = sourcecode.c.objc; path = ViewController.m; sourceTree = "<group>"; };
		AB63E99224CFCB0200FF7692 /* Assets.xcassets */ = {isa = PBXFileReference; lastKnownFileType = folder.assetcatalog; path = Assets.xcassets; sourceTree = "<group>"; };
		AB63E99524CFCB0200FF7692 /* Base */ = {isa = PBXFileReference; lastKnownFileType = file.storyboard; name = Base; path = Base.lproj/LaunchScreen.storyboard; sourceTree = "<group>"; };
		AB63E99724CFCB0200FF7692 /* Info.plist */ = {isa = PBXFileReference; lastKnownFileType = text.plist.xml; path = Info.plist; sourceTree = "<group>"; };
		AB63E99824CFCB0200FF7692 /* main.m */ = {isa = PBXFileReference; lastKnownFileType = sourcecode.c.objc; path = main.m; sourceTree = "<group>"; };
		AB63E99F24CFCC0B00FF7692 /* TabBarViewController.h */ = {isa = PBXFileReference; lastKnownFileType = sourcecode.c.h; path = TabBarViewController.h; sourceTree = "<group>"; };
		AB63E9A024CFCC0B00FF7692 /* TabBarViewController.m */ = {isa = PBXFileReference; lastKnownFileType = sourcecode.c.objc; path = TabBarViewController.m; sourceTree = "<group>"; };
/* End PBXFileReference section */

/* Begin PBXFrameworksBuildPhase section */
		AB63E98024CFCAFD00FF7692 /* Frameworks */ = {
			isa = PBXFrameworksBuildPhase;
			buildActionMask = 2147483647;
			files = (
			);
			runOnlyForDeploymentPostprocessing = 0;
		};
/* End PBXFrameworksBuildPhase section */

/* Begin PBXGroup section */
		AB63E97A24CFCAFD00FF7692 = {
			isa = PBXGroup;
			children = (
				AB63E98524CFCAFD00FF7692 /* TabbarDemo */,
				AB63E98424CFCAFD00FF7692 /* Products */,
			);
			sourceTree = "<group>";
		};
		AB63E98424CFCAFD00FF7692 /* Products */ = {
			isa = PBXGroup;
			children = (
				AB63E98324CFCAFD00FF7692 /* TabbarDemo.app */,
			);
			name = Products;
			sourceTree = "<group>";
		};
		AB63E98524CFCAFD00FF7692 /* TabbarDemo */ = {
			isa = PBXGroup;
			children = (
				AB63E98624CFCAFD00FF7692 /* AppDelegate.h */,
				AB63E98724CFCAFD00FF7692 /* AppDelegate.m */,
				AB63E98924CFCAFD00FF7692 /* SceneDelegate.h */,
				AB63E98A24CFCAFD00FF7692 /* SceneDelegate.m */,
				AB63E98C24CFCAFD00FF7692 /* ViewController.h */,
				AB63E98D24CFCAFD00FF7692 /* ViewController.m */,
				AB63E99F24CFCC0B00FF7692 /* TabBarViewController.h */,
				AB63E9A024CFCC0B00FF7692 /* TabBarViewController.m */,
				AB63E99224CFCB0200FF7692 /* Assets.xcassets */,
				AB63E99424CFCB0200FF7692 /* LaunchScreen.storyboard */,
				AB63E99724CFCB0200FF7692 /* Info.plist */,
				AB63E99824CFCB0200FF7692 /* main.m */,
			);
			path = TabbarDemo;
			sourceTree = "<group>";
		};
/* End PBXGroup section */

/* Begin PBXNativeTarget section */
		AB63E98224CFCAFD00FF7692 /* TabbarDemo */ = {
			isa = PBXNativeTarget;
			buildConfigurationList = AB63E99C24CFCB0200FF7692 /* Build configuration list for PBXNativeTarget "TabbarDemo" */;
			buildPhases = (
				AB63E97F24CFCAFD00FF7692 /* Sources */,
				AB63E98024CFCAFD00FF7692 /* Frameworks */,
				AB63E98124CFCAFD00FF7692 /* Resources */,
			);
			buildRules = (
			);
			dependencies = (
			);
			name = TabbarDemo;
			productName = TabbarDemo;
			productReference = AB63E98324CFCAFD00FF7692 /* TabbarDemo.app */;
			productType = "com.apple.product-type.application";
		};
/* End PBXNativeTarget section */

/* Begin PBXProject section */
		AB63E97B24CFCAFD00FF7692 /* Project object */ = {
			isa = PBXProject;
			attributes = {
				LastUpgradeCheck = 1160;
				ORGANIZATIONNAME = wyon;
				TargetAttributes = {
					AB63E98224CFCAFD00FF7692 = {
						CreatedOnToolsVersion = 11.6;
					};
				};
			};
			buildConfigurationList = AB63E97E24CFCAFD00FF7692 /* Build configuration list for PBXProject "TabbarDemo" */;
			compatibilityVersion = "Xcode 9.3";
			developmentRegion = en;
			hasScannedForEncodings = 0;
			knownRegions = (
				en,
				Base,
			);
			mainGroup = AB63E97A24CFCAFD00FF7692;
			productRefGroup = AB63E98424CFCAFD00FF7692 /* Products */;
			projectDirPath = "";
			projectRoot = "";
			targets = (
				AB63E98224CFCAFD00FF7692 /* TabbarDemo */,
			);
		};
/* End PBXProject section */

/* Begin PBXResourcesBuildPhase section */
		AB63E98124CFCAFD00FF7692 /* Resources */ = {
			isa = PBXResourcesBuildPhase;
			buildActionMask = 2147483647;
			files = (
				AB63E99624CFCB0200FF7692 /* LaunchScreen.storyboard in Resources */,
				AB63E99324CFCB0200FF7692 /* Assets.xcassets in Resources */,
			);
			runOnlyForDeploymentPostprocessing = 0;
		};
/* End PBXResourcesBuildPhase section */

/* Begin PBXSourcesBuildPhase section */
		AB63E97F24CFCAFD00FF7692 /* Sources */ = {
			isa = PBXSourcesBuildPhase;
			buildActionMask = 2147483647;
			files = (
				AB63E9A124CFCC0B00FF7692 /* TabBarViewController.m in Sources */,
				AB63E98E24CFCAFD00FF7692 /* ViewController.m in Sources */,
				AB63E98824CFCAFD00FF7692 /* AppDelegate.m in Sources */,
				AB63E99924CFCB0200FF7692 /* main.m in Sources */,
				AB63E98B24CFCAFD00FF7692 /* SceneDelegate.m in Sources */,
			);
			runOnlyForDeploymentPostprocessing = 0;
		};
/* End PBXSourcesBuildPhase section */

/* Begin PBXVariantGroup section */
		AB63E99424CFCB0200FF7692 /* LaunchScreen.storyboard */ = {
			isa = PBXVariantGroup;
			children = (
				AB63E99524CFCB0200FF7692 /* Base */,
			);
			name = LaunchScreen.storyboard;
			sourceTree = "<group>";
		};
/* End PBXVariantGroup section */

/* Begin XCBuildConfiguration section */
		AB63E99A24CFCB0200FF7692 /* Debug */ = {
			isa = XCBuildConfiguration;
			buildSettings = {
				ALWAYS_SEARCH_USER_PATHS = NO;
				CLANG_ANALYZER_NONNULL = YES;
				CLANG_ANALYZER_NUMBER_OBJECT_CONVERSION = YES_AGGRESSIVE;
				CLANG_CXX_LANGUAGE_STANDARD = "gnu++14";
				CLANG_CXX_LIBRARY = "libc++";
				CLANG_ENABLE_MODULES = YES;
				CLANG_ENABLE_OBJC_ARC = YES;
				CLANG_ENABLE_OBJC_WEAK = YES;
				CLANG_WARN_BLOCK_CAPTURE_AUTORELEASING = YES;
				CLANG_WARN_BOOL_CONVERSION = YES;
				CLANG_WARN_COMMA = YES;
				CLANG_WARN_CONSTANT_CONVERSION = YES;
				CLANG_WARN_DEPRECATED_OBJC_IMPLEMENTATIONS = YES;
				CLANG_WARN_DIRECT_OBJC_ISA_USAGE = YES_ERROR;
				CLANG_WARN_DOCUMENTATION_COMMENTS = YES;
				CLANG_WARN_EMPTY_BODY = YES;
				CLANG_WARN_ENUM_CONVERSION = YES;
				CLANG_WARN_INFINITE_RECURSION = YES;
				CLANG_WARN_INT_CONVERSION = YES;
				CLANG_WARN_NON_LITERAL_NULL_CONVERSION = YES;
				CLANG_WARN_OBJC_IMPLICIT_RETAIN_SELF = YES;
				CLANG_WARN_OBJC_LITERAL_CONVERSION = YES;
				CLANG_WARN_OBJC_ROOT_CLASS = YES_ERROR;
				CLANG_WARN_RANGE_LOOP_ANALYSIS = YES;
				CLANG_WARN_STRICT_PROTOTYPES = YES;
				CLANG_WARN_SUSPICIOUS_MOVE = YES;
				CLANG_WARN_UNGUARDED_AVAILABILITY = YES_AGGRESSIVE;
				CLANG_WARN_UNREACHABLE_CODE = YES;
				CLANG_WARN__DUPLICATE_METHOD_MATCH = YES;
				COPY_PHASE_STRIP = NO;
				DEBUG_INFORMATION_FORMAT = dwarf;
				ENABLE_STRICT_OBJC_MSGSEND = YES;
				ENABLE_TESTABILITY = YES;
				GCC_C_LANGUAGE_STANDARD = gnu11;
				GCC_DYNAMIC_NO_PIC = NO;
				GCC_NO_COMMON_BLOCKS = YES;
				GCC_OPTIMIZATION_LEVEL = 0;
				GCC_PREPROCESSOR_DEFINITIONS = (
					"DEBUG=1",
					"$(inherited)",
				);
				GCC_WARN_64_TO_32_BIT_CONVERSION = YES;
				GCC_WARN_ABOUT_RETURN_TYPE = YES_ERROR;
				GCC_WARN_UNDECLARED_SELECTOR = YES;
				GCC_WARN_UNINITIALIZED_AUTOS = YES_AGGRESSIVE;
				GCC_WARN_UNUSED_FUNCTION = YES;
				GCC_WARN_UNUSED_VARIABLE = YES;
				IPHONEOS_DEPLOYMENT_TARGET = 13.6;
				MTL_ENABLE_DEBUG_INFO = INCLUDE_SOURCE;
				MTL_FAST_MATH = YES;
				ONLY_ACTIVE_ARCH = YES;
				SDKROOT = iphoneos;
			};
			name = Debug;
		};
		AB63E99B24CFCB0200FF7692 /* Release */ = {
			isa = XCBuildConfiguration;
			buildSettings = {
				ALWAYS_SEARCH_USER_PATHS = NO;
				CLANG_ANALYZER_NONNULL = YES;
				CLANG_ANALYZER_NUMBER_OBJECT_CONVERSION = YES_AGGRESSIVE;
				CLANG_CXX_LANGUAGE_STANDARD = "gnu++14";
				CLANG_CXX_LIBRARY = "libc++";
				CLANG_ENABLE_MODULES = YES;
				CLANG_ENABLE_OBJC_ARC = YES;
				CLANG_ENABLE_OBJC_WEAK = YES;
				CLANG_WARN_BLOCK_CAPTURE_AUTORELEASING = YES;
				CLANG_WARN_BOOL_CONVERSION = YES;
				CLANG_WARN_COMMA = YES;
				CLANG_WARN_CONSTANT_CONVERSION = YES;
				CLANG_WARN_DEPRECATED_OBJC_IMPLEMENTATIONS = YES;
				CLANG_WARN_DIRECT_OBJC_ISA_USAGE = YES_ERROR;
				CLANG_WARN_DOCUMENTATION_COMMENTS = YES;
				CLANG_WARN_EMPTY_BODY = YES;
				CLANG_WARN_ENUM_CONVERSION = YES;
				CLANG_WARN_INFINITE_RECURSION = YES;
				CLANG_WARN_INT_CONVERSION = YES;
				CLANG_WARN_NON_LITERAL_NULL_CONVERSION = YES;
				CLANG_WARN_OBJC_IMPLICIT_RETAIN_SELF = YES;
				CLANG_WARN_OBJC_LITERAL_CONVERSION = YES;
				CLANG_WARN_OBJC_ROOT_CLASS = YES_ERROR;
				CLANG_WARN_RANGE_LOOP_ANALYSIS = YES;
				CLANG_WARN_STRICT_PROTOTYPES = YES;
				CLANG_WARN_SUSPICIOUS_MOVE = YES;
				CLANG_WARN_UNGUARDED_AVAILABILITY = YES_AGGRESSIVE;
				CLANG_WARN_UNREACHABLE_CODE = YES;
				CLANG_WARN__DUPLICATE_METHOD_MATCH = YES;
				COPY_PHASE_STRIP = NO;
				DEBUG_INFORMATION_FORMAT = "dwarf-with-dsym";
				ENABLE_NS_ASSERTIONS = NO;
				ENABLE_STRICT_OBJC_MSGSEND = YES;
				GCC_C_LANGUAGE_STANDARD = gnu11;
				GCC_NO_COMMON_BLOCKS = YES;
				GCC_WARN_64_TO_32_BIT_CONVERSION = YES;
				GCC_WARN_ABOUT_RETURN_TYPE = YES_ERROR;
				GCC_WARN_UNDECLARED_SELECTOR = YES;
				GCC_WARN_UNINITIALIZED_AUTOS = YES_AGGRESSIVE;
				GCC_WARN_UNUSED_FUNCTION = YES;
				GCC_WARN_UNUSED_VARIABLE = YES;
				IPHONEOS_DEPLOYMENT_TARGET = 13.6;
				MTL_ENABLE_DEBUG_INFO = NO;
				MTL_FAST_MATH = YES;
				SDKROOT = iphoneos;
				VALIDATE_PRODUCT = YES;
			};
			name = Release;
		};
		AB63E99D24CFCB0200FF7692 /* Debug */ = {
			isa = XCBuildConfiguration;
			buildSettings = {
				ASSETCATALOG_COMPILER_APPICON_NAME = AppIcon;
				CODE_SIGN_STYLE = Automatic;
				DEVELOPMENT_TEAM = K2VH695754;
				INFOPLIST_FILE = TabbarDemo/Info.plist;
				LD_RUNPATH_SEARCH_PATHS = (
					"$(inherited)",
					"@executable_path/Frameworks",
				);
				PRODUCT_BUNDLE_IDENTIFIER = com.wyon.demo.;
				PRODUCT_NAME = "$(TARGET_NAME)";
				TARGETED_DEVICE_FAMILY = "1,2";
			};
			name = Debug;
		};
		AB63E99E24CFCB0200FF7692 /* Release */ = {
			isa = XCBuildConfiguration;
			buildSettings = {
				ASSETCATALOG_COMPILER_APPICON_NAME = AppIcon;
				CODE_SIGN_STYLE = Automatic;
				DEVELOPMENT_TEAM = K2VH695754;
				INFOPLIST_FILE = TabbarDemo/Info.plist;
				LD_RUNPATH_SEARCH_PATHS = (
					"$(inherited)",
					"@executable_path/Frameworks",
				);
				PRODUCT_BUNDLE_IDENTIFIER = com.wyon.demo.;
				PRODUCT_NAME = "$(TARGET_NAME)";
				TARGETED_DEVICE_FAMILY = "1,2";
			};
			name = Release;
		};
/* End XCBuildConfiguration section */

/* Begin XCConfigurationList section */
		AB63E97E24CFCAFD00FF7692 /* Build configuration list for PBXProject "TabbarDemo" */ = {
			isa = XCConfigurationList;
			buildConfigurations = (
				AB63E99A24CFCB0200FF7692 /* Debug */,
				AB63E99B24CFCB0200FF7692 /* Release */,
			);
			defaultConfigurationIsVisible = 0;
			defaultConfigurationName = Release;
		};
		AB63E99C24CFCB0200FF7692 /* Build configuration list for PBXNativeTarget "TabbarDemo" */ = {
			isa = XCConfigurationList;
			buildConfigurations = (
				AB63E99D24CFCB0200FF7692 /* Debug */,
				AB63E99E24CFCB0200FF7692 /* Release */,
			);
			defaultConfigurationIsVisible = 0;
			defaultConfigurationName = Release;
		};
/* End XCConfigurationList section */
	};
	rootObject = AB63E97B24CFCAFD00FF7692 /* Project object */;
}
